
Microsoft Visual Studio Solution File, Format Version 12.00
# Visual Studio Version 17
VisualStudioVersion = 17.14.36301.6 d17.14
MinimumVisualStudioVersion = 10.0.40219.1
Project("{FAE04EC0-301F-11D3-BF4B-00C04F79EFBC}") = "shipment-service", "shipment-service.csproj", "{7BFEEA05-175D-4BDF-A156-70B7941DE42E}"
EndProject
Global
	GlobalSection(SolutionConfigurationPlatforms) = preSolution
		Debug|Any CPU = Debug|Any CPU
		Release|Any CPU = Release|Any CPU
	EndGlobalSection
	GlobalSection(ProjectConfigurationPlatforms) = postSolution
		{7BFEEA05-175D-4BDF-A156-70B7941DE42E}.Debug|Any CPU.ActiveCfg = Debug|Any CPU
		{7BFEEA05-175D-4BDF-A156-70B7941DE42E}.Debug|Any CPU.Build.0 = Debug|Any CPU
		{7BFEEA05-175D-4BDF-A156-70B7941DE42E}.Release|Any CPU.ActiveCfg = Release|Any CPU
		{7BFEEA05-175D-4BDF-A156-70B7941DE42E}.Release|Any CPU.Build.0 = Release|Any CPU
	EndGlobalSection
	GlobalSection(SolutionProperties) = preSolution
		HideSolutionNode = FALSE
	EndGlobalSection
	GlobalSection(ExtensibilityGlobals) = postSolution
		SolutionGuid = {C4366F7F-6AA3-408A-9F14-8D6AFA277FAA}
	EndGlobalSection
EndGlobal
